// !$*UTF8*$!
{
	archiveVersion = 1;
	classes = {
	};
	objectVersion = 56;
	objects = {

/* Begin PBXBuildFile section */
		3B86C90D17DBD7DD79AAB754 /* Pods_VariationStockChallenge.framework in Frameworks */ = {isa = PBXBuildFile; fileRef = 8D0F39797632D8BAF89EEABB /* Pods_VariationStockChallenge.framework */; };
		5124ECB529C9E2EC001B4533 /* AppDelegate.swift in Sources */ = {isa = PBXBuildFile; fileRef = 5124ECB429C9E2EC001B4533 /* AppDelegate.swift */; };
		5124ECB729C9E2EC001B4533 /* SceneDelegate.swift in Sources */ = {isa = PBXBuildFile; fileRef = 5124ECB629C9E2EC001B4533 /* SceneDelegate.swift */; };
		5124ECB929C9E2EC001B4533 /* ViewController.swift in Sources */ = {isa = PBXBuildFile; fileRef = 5124ECB829C9E2EC001B4533 /* ViewController.swift */; };
		5124ECBC29C9E2EC001B4533 /* Main.storyboard in Resources */ = {isa = PBXBuildFile; fileRef = 5124ECBA29C9E2EC001B4533 /* Main.storyboard */; };
		5124ECBE29C9E2EE001B4533 /* Assets.xcassets in Resources */ = {isa = PBXBuildFile; fileRef = 5124ECBD29C9E2EE001B4533 /* Assets.xcassets */; };
		5124ECC129C9E2EE001B4533 /* LaunchScreen.storyboard in Resources */ = {isa = PBXBuildFile; fileRef = 5124ECBF29C9E2EE001B4533 /* LaunchScreen.storyboard */; };
/* End PBXBuildFile section */

/* Begin PBXFileReference section */
		07B6764275A46F6B7B9FD7BE /* Pods-VariationStockChallenge.debug.xcconfig */ = {isa = PBXFileReference; includeInIndex = 1; lastKnownFileType = text.xcconfig; name = "Pods-VariationStockChallenge.debug.xcconfig"; path = "Target Support Files/Pods-VariationStockChallenge/Pods-VariationStockChallenge.debug.xcconfig"; sourceTree = "<group>"; };
		5124ECB129C9E2EC001B4533 /* VariationStockChallenge.app */ = {isa = PBXFileReference; explicitFileType = wrapper.application; includeInIndex = 0; path = VariationStockChallenge.app; sourceTree = BUILT_PRODUCTS_DIR; };
		5124ECB429C9E2EC001B4533 /* AppDelegate.swift */ = {isa = PBXFileReference; lastKnownFileType = sourcecode.swift; path = AppDelegate.swift; sourceTree = "<group>"; };
		5124ECB629C9E2EC001B4533 /* SceneDelegate.swift */ = {isa = PBXFileReference; lastKnownFileType = sourcecode.swift; path = SceneDelegate.swift; sourceTree = "<group>"; };
		5124ECB829C9E2EC001B4533 /* ViewController.swift */ = {isa = PBXFileReference; lastKnownFileType = sourcecode.swift; path = ViewController.swift; sourceTree = "<group>"; };
		5124ECBB29C9E2EC001B4533 /* Base */ = {isa = PBXFileReference; lastKnownFileType = file.storyboard; name = Base; path = Base.lproj/Main.storyboard; sourceTree = "<group>"; };
		5124ECBD29C9E2EE001B4533 /* Assets.xcassets */ = {isa = PBXFileReference; lastKnownFileType = folder.assetcatalog; path = Assets.xcassets; sourceTree = "<group>"; };
		5124ECC029C9E2EE001B4533 /* Base */ = {isa = PBXFileReference; lastKnownFileType = file.storyboard; name = Base; path = Base.lproj/LaunchScreen.storyboard; sourceTree = "<group>"; };
		5124ECC229C9E2EE001B4533 /* Info.plist */ = {isa = PBXFileReference; lastKnownFileType = text.plist.xml; path = Info.plist; sourceTree = "<group>"; };
		536C65F45ADD2DFD303DC411 /* Pods-VariationStockChallenge.release.xcconfig */ = {isa = PBXFileReference; includeInIndex = 1; lastKnownFileType = text.xcconfig; name = "Pods-VariationStockChallenge.release.xcconfig"; path = "Target Support Files/Pods-VariationStockChallenge/Pods-VariationStockChallenge.release.xcconfig"; sourceTree = "<group>"; };
		8D0F39797632D8BAF89EEABB /* Pods_VariationStockChallenge.framework */ = {isa = PBXFileReference; explicitFileType = wrapper.framework; includeInIndex = 0; path = Pods_VariationStockChallenge.framework; sourceTree = BUILT_PRODUCTS_DIR; };
/* End PBXFileReference section */

/* Begin PBXFrameworksBuildPhase section */
		5124ECAE29C9E2EC001B4533 /* Frameworks */ = {
			isa = PBXFrameworksBuildPhase;
			buildActionMask = 2147483647;
			files = (
				3B86C90D17DBD7DD79AAB754 /* Pods_VariationStockChallenge.framework in Frameworks */,
			);
			runOnlyForDeploymentPostprocessing = 0;
		};
/* End PBXFrameworksBuildPhase section */

/* Begin PBXGroup section */
		5124ECA829C9E2EC001B4533 = {
			isa = PBXGroup;
			children = (
				5124ECB329C9E2EC001B4533 /* VariationStockChallenge */,
				5124ECB229C9E2EC001B4533 /* Products */,
				B3584F7146056C799EB98715 /* Pods */,
				DEBB4CCC19AD52E3DBC3327A /* Frameworks */,
			);
			sourceTree = "<group>";
		};
		5124ECB229C9E2EC001B4533 /* Products */ = {
			isa = PBXGroup;
			children = (
				5124ECB129C9E2EC001B4533 /* VariationStockChallenge.app */,
			);
			name = Products;
			sourceTree = "<group>";
		};
		5124ECB329C9E2EC001B4533 /* VariationStockChallenge */ = {
			isa = PBXGroup;
			children = (
				5124ECB429C9E2EC001B4533 /* AppDelegate.swift */,
				5124ECB629C9E2EC001B4533 /* SceneDelegate.swift */,
				5124ECB829C9E2EC001B4533 /* ViewController.swift */,
				5124ECBA29C9E2EC001B4533 /* Main.storyboard */,
				5124ECBD29C9E2EE001B4533 /* Assets.xcassets */,
				5124ECBF29C9E2EE001B4533 /* LaunchScreen.storyboard */,
				5124ECC229C9E2EE001B4533 /* Info.plist */,
			);
			path = VariationStockChallenge;
			sourceTree = "<group>";
		};
		B3584F7146056C799EB98715 /* Pods */ = {
			isa = PBXGroup;
			children = (
				07B6764275A46F6B7B9FD7BE /* Pods-VariationStockChallenge.debug.xcconfig */,
				536C65F45ADD2DFD303DC411 /* Pods-VariationStockChallenge.release.xcconfig */,
			);
			name = Pods;
			path = Pods;
			sourceTree = "<group>";
		};
		DEBB4CCC19AD52E3DBC3327A /* Frameworks */ = {
			isa = PBXGroup;
			children = (
				8D0F39797632D8BAF89EEABB /* Pods_VariationStockChallenge.framework */,
			);
			name = Frameworks;
			sourceTree = "<group>";
		};
/* End PBXGroup section */

/* Begin PBXNativeTarget section */
		5124ECB029C9E2EC001B4533 /* VariationStockChallenge */ = {
			isa = PBXNativeTarget;
			buildConfigurationList = 5124ECC529C9E2EE001B4533 /* Build configuration list for PBXNativeTarget "VariationStockChallenge" */;
			buildPhases = (
				15C42D1438F3D9BE4522C048 /* [CP] Check Pods Manifest.lock */,
				E4DE69BA272A444AFA7182B8 /* [CP-User] Run Flutter Build stock_variation_module Script */,
				5124ECAD29C9E2EC001B4533 /* Sources */,
				5124ECAE29C9E2EC001B4533 /* Frameworks */,
				5124ECAF29C9E2EC001B4533 /* Resources */,
				7B5EDDCB94E3D6D9567B69F0 /* [CP-User] Embed Flutter Build stock_variation_module Script */,
			);
			buildRules = (
			);
			dependencies = (
			);
			name = VariationStockChallenge;
			productName = VariationStockChallenge;
			productReference = 5124ECB129C9E2EC001B4533 /* VariationStockChallenge.app */;
			productType = "com.apple.product-type.application";
		};
/* End PBXNativeTarget section */

/* Begin PBXProject section */
		5124ECA929C9E2EC001B4533 /* Project object */ = {
			isa = PBXProject;
			attributes = {
				BuildIndependentTargetsInParallel = 1;
				LastSwiftUpdateCheck = 1420;
				LastUpgradeCheck = 1420;
				TargetAttributes = {
					5124ECB029C9E2EC001B4533 = {
						CreatedOnToolsVersion = 14.2;
					};
				};
			};
			buildConfigurationList = 5124ECAC29C9E2EC001B4533 /* Build configuration list for PBXProject "VariationStockChallenge" */;
			compatibilityVersion = "Xcode 14.0";
			developmentRegion = en;
			hasScannedForEncodings = 0;
			knownRegions = (
				en,
				Base,
			);
			mainGroup = 5124ECA829C9E2EC001B4533;
			productRefGroup = 5124ECB229C9E2EC001B4533 /* Products */;
			projectDirPath = "";
			projectRoot = "";
			targets = (
				5124ECB029C9E2EC001B4533 /* VariationStockChallenge */,
			);
		};
/* End PBXProject section */

/* Begin PBXResourcesBuildPhase section */
		5124ECAF29C9E2EC001B4533 /* Resources */ = {
			isa = PBXResourcesBuildPhase;
			buildActionMask = 2147483647;
			files = (
				5124ECC129C9E2EE001B4533 /* LaunchScreen.storyboard in Resources */,
				5124ECBE29C9E2EE001B4533 /* Assets.xcassets in Resources */,
				5124ECBC29C9E2EC001B4533 /* Main.storyboard in Resources */,
			);
			runOnlyForDeploymentPostprocessing = 0;
		};
/* End PBXResourcesBuildPhase section */

/* Begin PBXShellScriptBuildPhase section */
		15C42D1438F3D9BE4522C048 /* [CP] Check Pods Manifest.lock */ = {
			isa = PBXShellScriptBuildPhase;
			buildActionMask = 2147483647;
			files = (
			);
			inputFileListPaths = (
			);
			inputPaths = (
				"${PODS_PODFILE_DIR_PATH}/Podfile.lock",
				"${PODS_ROOT}/Manifest.lock",
			);
			name = "[CP] Check Pods Manifest.lock";
			outputFileListPaths = (
			);
			outputPaths = (
				"$(DERIVED_FILE_DIR)/Pods-VariationStockChallenge-checkManifestLockResult.txt",
			);
			runOnlyForDeploymentPostprocessing = 0;
			shellPath = /bin/sh;
			shellScript = "diff \"${PODS_PODFILE_DIR_PATH}/Podfile.lock\" \"${PODS_ROOT}/Manifest.lock\" > /dev/null\nif [ $? != 0 ] ; then\n    # print error to STDERR\n    echo \"error: The sandbox is not in sync with the Podfile.lock. Run 'pod install' or update your CocoaPods installation.\" >&2\n    exit 1\nfi\n# This output is used by Xcode 'outputs' to avoid re-running this script phase.\necho \"SUCCESS\" > \"${SCRIPT_OUTPUT_FILE_0}\"\n";
			showEnvVarsInLog = 0;
		};
		7B5EDDCB94E3D6D9567B69F0 /* [CP-User] Embed Flutter Build stock_variation_module Script */ = {
			isa = PBXShellScriptBuildPhase;
			buildActionMask = 2147483647;
			files = (
			);
			name = "[CP-User] Embed Flutter Build stock_variation_module Script";
			runOnlyForDeploymentPostprocessing = 0;
			shellPath = /bin/sh;
			shellScript = "set -e\nset -u\nsource \"${SRCROOT}/../stock_variation_module/.ios/Flutter/flutter_export_environment.sh\"\nexport VERBOSE_SCRIPT_LOGGING=1 && \"$FLUTTER_ROOT\"/packages/flutter_tools/bin/xcode_backend.sh embed_and_thin";
		};
		E4DE69BA272A444AFA7182B8 /* [CP-User] Run Flutter Build stock_variation_module Script */ = {
			isa = PBXShellScriptBuildPhase;
			buildActionMask = 2147483647;
			files = (
			);
			name = "[CP-User] Run Flutter Build stock_variation_module Script";
			runOnlyForDeploymentPostprocessing = 0;
			shellPath = /bin/sh;
			shellScript = "set -e\nset -u\nsource \"${SRCROOT}/../stock_variation_module/.ios/Flutter/flutter_export_environment.sh\"\nexport VERBOSE_SCRIPT_LOGGING=1 && \"$FLUTTER_ROOT\"/packages/flutter_tools/bin/xcode_backend.sh build";
		};
/* End PBXShellScriptBuildPhase section */

/* Begin PBXSourcesBuildPhase section */
		5124ECAD29C9E2EC001B4533 /* Sources */ = {
			isa = PBXSourcesBuildPhase;
			buildActionMask = 2147483647;
			files = (
				5124ECB929C9E2EC001B4533 /* ViewController.swift in Sources */,
				5124ECB529C9E2EC001B4533 /* AppDelegate.swift in Sources */,
				5124ECB729C9E2EC001B4533 /* SceneDelegate.swift in Sources */,
			);
			runOnlyForDeploymentPostprocessing = 0;
		};
/* End PBXSourcesBuildPhase section */

/* Begin PBXVariantGroup section */
		5124ECBA29C9E2EC001B4533 /* Main.storyboard */ = {
			isa = PBXVariantGroup;
			children = (
				5124ECBB29C9E2EC001B4533 /* Base */,
			);
			name = Main.storyboard;
			sourceTree = "<group>";
		};
		5124ECBF29C9E2EE001B4533 /* LaunchScreen.storyboard */ = {
			isa = PBXVariantGroup;
			children = (
				5124ECC029C9E2EE001B4533 /* Base */,
			);
			name = LaunchScreen.storyboard;
			sourceTree = "<group>";
		};
/* End PBXVariantGroup section */

/* Begin XCBuildConfiguration section */
		5124ECC329C9E2EE001B4533 /* Debug */ = {
			isa = XCBuildConfiguration;
			buildSettings = {
				ALWAYS_SEARCH_USER_PATHS = NO;
				CLANG_ANALYZER_NONNULL = YES;
				CLANG_ANALYZER_NUMBER_OBJECT_CONVERSION = YES_AGGRESSIVE;
				CLANG_CXX_LANGUAGE_STANDARD = "gnu++20";
				CLANG_ENABLE_MODULES = YES;
				CLANG_ENABLE_OBJC_ARC = YES;
				CLANG_ENABLE_OBJC_WEAK = YES;
				CLANG_WARN_BLOCK_CAPTURE_AUTORELEASING = YES;
				CLANG_WARN_BOOL_CONVERSION = YES;
				CLANG_WARN_COMMA = YES;
				CLANG_WARN_CONSTANT_CONVERSION = YES;
				CLANG_WARN_DEPRECATED_OBJC_IMPLEMENTATIONS = YES;
				CLANG_WARN_DIRECT_OBJC_ISA_USAGE = YES_ERROR;
				CLANG_WARN_DOCUMENTATION_COMMENTS = YES;
				CLANG_WARN_EMPTY_BODY = YES;
				CLANG_WARN_ENUM_CONVERSION = YES;
				CLANG_WARN_INFINITE_RECURSION = YES;
				CLANG_WARN_INT_CONVERSION = YES;
				CLANG_WARN_NON_LITERAL_NULL_CONVERSION = YES;
				CLANG_WARN_OBJC_IMPLICIT_RETAIN_SELF = YES;
				CLANG_WARN_OBJC_LITERAL_CONVERSION = YES;
				CLANG_WARN_OBJC_ROOT_CLASS = YES_ERROR;
				CLANG_WARN_QUOTED_INCLUDE_IN_FRAMEWORK_HEADER = YES;
				CLANG_WARN_RANGE_LOOP_ANALYSIS = YES;
				CLANG_WARN_STRICT_PROTOTYPES = YES;
				CLANG_WARN_SUSPICIOUS_MOVE = YES;
				CLANG_WARN_UNGUARDED_AVAILABILITY = YES_AGGRESSIVE;
				CLANG_WARN_UNREACHABLE_CODE = YES;
				CLANG_WARN__DUPLICATE_METHOD_MATCH = YES;
				COPY_PHASE_STRIP = NO;
				DEBUG_INFORMATION_FORMAT = dwarf;
				ENABLE_STRICT_OBJC_MSGSEND = YES;
				ENABLE_TESTABILITY = YES;
				GCC_C_LANGUAGE_STANDARD = gnu11;
				GCC_DYNAMIC_NO_PIC = NO;
				GCC_NO_COMMON_BLOCKS = YES;
				GCC_OPTIMIZATION_LEVEL = 0;
				GCC_PREPROCESSOR_DEFINITIONS = (
					"DEBUG=1",
					"$(inherited)",
				);
				GCC_WARN_64_TO_32_BIT_CONVERSION = YES;
				GCC_WARN_ABOUT_RETURN_TYPE = YES_ERROR;
				GCC_WARN_UNDECLARED_SELECTOR = YES;
				GCC_WARN_UNINITIALIZED_AUTOS = YES_AGGRESSIVE;
				GCC_WARN_UNUSED_FUNCTION = YES;
				GCC_WARN_UNUSED_VARIABLE = YES;
				IPHONEOS_DEPLOYMENT_TARGET = 16.2;
				MTL_ENABLE_DEBUG_INFO = INCLUDE_SOURCE;
				MTL_FAST_MATH = YES;
				ONLY_ACTIVE_ARCH = YES;
				SDKROOT = iphoneos;
				SWIFT_ACTIVE_COMPILATION_CONDITIONS = DEBUG;
				SWIFT_OPTIMIZATION_LEVEL = "-Onone";
			};
			name = Debug;
		};
		5124ECC429C9E2EE001B4533 /* Release */ = {
			isa = XCBuildConfiguration;
			buildSettings = {
				ALWAYS_SEARCH_USER_PATHS = NO;
				CLANG_ANALYZER_NONNULL = YES;
				CLANG_ANALYZER_NUMBER_OBJECT_CONVERSION = YES_AGGRESSIVE;
				CLANG_CXX_LANGUAGE_STANDARD = "gnu++20";
				CLANG_ENABLE_MODULES = YES;
				CLANG_ENABLE_OBJC_ARC = YES;
				CLANG_ENABLE_OBJC_WEAK = YES;
				CLANG_WARN_BLOCK_CAPTURE_AUTORELEASING = YES;
				CLANG_WARN_BOOL_CONVERSION = YES;
				CLANG_WARN_COMMA = YES;
				CLANG_WARN_CONSTANT_CONVERSION = YES;
				CLANG_WARN_DEPRECATED_OBJC_IMPLEMENTATIONS = YES;
				CLANG_WARN_DIRECT_OBJC_ISA_USAGE = YES_ERROR;
				CLANG_WARN_DOCUMENTATION_COMMENTS = YES;
				CLANG_WARN_EMPTY_BODY = YES;
				CLANG_WARN_ENUM_CONVERSION = YES;
				CLANG_WARN_INFINITE_RECURSION = YES;
				CLANG_WARN_INT_CONVERSION = YES;
				CLANG_WARN_NON_LITERAL_NULL_CONVERSION = YES;
				CLANG_WARN_OBJC_IMPLICIT_RETAIN_SELF = YES;
				CLANG_WARN_OBJC_LITERAL_CONVERSION = YES;
				CLANG_WARN_OBJC_ROOT_CLASS = YES_ERROR;
				CLANG_WARN_QUOTED_INCLUDE_IN_FRAMEWORK_HEADER = YES;
				CLANG_WARN_RANGE_LOOP_ANALYSIS = YES;
				CLANG_WARN_STRICT_PROTOTYPES = YES;
				CLANG_WARN_SUSPICIOUS_MOVE = YES;
				CLANG_WARN_UNGUARDED_AVAILABILITY = YES_AGGRESSIVE;
				CLANG_WARN_UNREACHABLE_CODE = YES;
				CLANG_WARN__DUPLICATE_METHOD_MATCH = YES;
				COPY_PHASE_STRIP = NO;
				DEBUG_INFORMATION_FORMAT = "dwarf-with-dsym";
				ENABLE_NS_ASSERTIONS = NO;
				ENABLE_STRICT_OBJC_MSGSEND = YES;
				GCC_C_LANGUAGE_STANDARD = gnu11;
				GCC_NO_COMMON_BLOCKS = YES;
				GCC_WARN_64_TO_32_BIT_CONVERSION = YES;
				GCC_WARN_ABOUT_RETURN_TYPE = YES_ERROR;
				GCC_WARN_UNDECLARED_SELECTOR = YES;
				GCC_WARN_UNINITIALIZED_AUTOS = YES_AGGRESSIVE;
				GCC_WARN_UNUSED_FUNCTION = YES;
				GCC_WARN_UNUSED_VARIABLE = YES;
				IPHONEOS_DEPLOYMENT_TARGET = 16.2;
				MTL_ENABLE_DEBUG_INFO = NO;
				MTL_FAST_MATH = YES;
				SDKROOT = iphoneos;
				SWIFT_COMPILATION_MODE = wholemodule;
				SWIFT_OPTIMIZATION_LEVEL = "-O";
				VALIDATE_PRODUCT = YES;
			};
			name = Release;
		};
		5124ECC629C9E2EE001B4533 /* Debug */ = {
			isa = XCBuildConfiguration;
			baseConfigurationReference = 07B6764275A46F6B7B9FD7BE /* Pods-VariationStockChallenge.debug.xcconfig */;
			buildSettings = {
				ASSETCATALOG_COMPILER_APPICON_NAME = AppIcon;
				ASSETCATALOG_COMPILER_GLOBAL_ACCENT_COLOR_NAME = AccentColor;
				CODE_SIGN_STYLE = Automatic;
				CURRENT_PROJECT_VERSION = 1;
				GENERATE_INFOPLIST_FILE = YES;
				INFOPLIST_FILE = VariationStockChallenge/Info.plist;
				INFOPLIST_KEY_UIApplicationSupportsIndirectInputEvents = YES;
				INFOPLIST_KEY_UILaunchStoryboardName = LaunchScreen;
				INFOPLIST_KEY_UIMainStoryboardFile = Main;
				INFOPLIST_KEY_UISupportedInterfaceOrientations_iPad = "UIInterfaceOrientationPortrait UIInterfaceOrientationPortraitUpsideDown UIInterfaceOrientationLandscapeLeft UIInterfaceOrientationLandscapeRight";
				INFOPLIST_KEY_UISupportedInterfaceOrientations_iPhone = "UIInterfaceOrientationPortrait UIInterfaceOrientationLandscapeLeft UIInterfaceOrientationLandscapeRight";
				LD_RUNPATH_SEARCH_PATHS = (
					"$(inherited)",
					"@executable_path/Frameworks",
				);
				MARKETING_VERSION = 1.0;
				PRODUCT_BUNDLE_IDENTIFIER = com.glauco.VariationStockChallenge;
				PRODUCT_NAME = "$(TARGET_NAME)";
				SWIFT_EMIT_LOC_STRINGS = YES;
				SWIFT_VERSION = 5.0;
				TARGETED_DEVICE_FAMILY = "1,2";
			};
			name = Debug;
		};
		5124ECC729C9E2EE001B4533 /* Release */ = {
			isa = XCBuildConfiguration;
			baseConfigurationReference = 536C65F45ADD2DFD303DC411 /* Pods-VariationStockChallenge.release.xcconfig */;
			buildSettings = {
				ASSETCATALOG_COMPILER_APPICON_NAME = AppIcon;
				ASSETCATALOG_COMPILER_GLOBAL_ACCENT_COLOR_NAME = AccentColor;
				CODE_SIGN_STYLE = Automatic;
				CURRENT_PROJECT_VERSION = 1;
				GENERATE_INFOPLIST_FILE = YES;
				INFOPLIST_FILE = VariationStockChallenge/Info.plist;
				INFOPLIST_KEY_UIApplicationSupportsIndirectInputEvents = YES;
				INFOPLIST_KEY_UILaunchStoryboardName = LaunchScreen;
				INFOPLIST_KEY_UIMainStoryboardFile = Main;
				INFOPLIST_KEY_UISupportedInterfaceOrientations_iPad = "UIInterfaceOrientationPortrait UIInterfaceOrientationPortraitUpsideDown UIInterfaceOrientationLandscapeLeft UIInterfaceOrientationLandscapeRight";
				INFOPLIST_KEY_UISupportedInterfaceOrientations_iPhone = "UIInterfaceOrientationPortrait UIInterfaceOrientationLandscapeLeft UIInterfaceOrientationLandscapeRight";
				LD_RUNPATH_SEARCH_PATHS = (
					"$(inherited)",
					"@executable_path/Frameworks",
				);
				MARKETING_VERSION = 1.0;
				PRODUCT_BUNDLE_IDENTIFIER = com.glauco.VariationStockChallenge;
				PRODUCT_NAME = "$(TARGET_NAME)";
				SWIFT_EMIT_LOC_STRINGS = YES;
				SWIFT_VERSION = 5.0;
				TARGETED_DEVICE_FAMILY = "1,2";
			};
			name = Release;
		};
/* End XCBuildConfiguration section */

/* Begin XCConfigurationList section */
		5124ECAC29C9E2EC001B4533 /* Build configuration list for PBXProject "VariationStockChallenge" */ = {
			isa = XCConfigurationList;
			buildConfigurations = (
				5124ECC329C9E2EE001B4533 /* Debug */,
				5124ECC429C9E2EE001B4533 /* Release */,
			);
			defaultConfigurationIsVisible = 0;
			defaultConfigurationName = Release;
		};
		5124ECC529C9E2EE001B4533 /* Build configuration list for PBXNativeTarget "VariationStockChallenge" */ = {
			isa = XCConfigurationList;
			buildConfigurations = (
				5124ECC629C9E2EE001B4533 /* Debug */,
				5124ECC729C9E2EE001B4533 /* Release */,
			);
			defaultConfigurationIsVisible = 0;
			defaultConfigurationName = Release;
		};
/* End XCConfigurationList section */
	};
	rootObject = 5124ECA929C9E2EC001B4533 /* Project object */;
}
